// !$*UTF8*$!
{
	archiveVersion = 1;
	classes = {
	};
	objectVersion = 46;
	objects = {

/* Begin PBXBuildFile section */
		1CBC5D0A1EB999D1006F6C79 /* main.m in Sources */ = {isa = PBXBuildFile; fileRef = 1CBC5D091EB999D1006F6C79 /* main.m */; };
		1CBC5D0D1EB999D1006F6C79 /* AppDelegate.m in Sources */ = {isa = PBXBuildFile; fileRef = 1CBC5D0C1EB999D1006F6C79 /* AppDelegate.m */; };
		1CBC5D101EB999D1006F6C79 /* ViewController.m in Sources */ = {isa = PBXBuildFile; fileRef = 1CBC5D0F1EB999D1006F6C79 /* ViewController.m */; };
		1CBC5D131EB999D1006F6C79 /* Main.storyboard in Resources */ = {isa = PBXBuildFile; fileRef = 1CBC5D111EB999D1006F6C79 /* Main.storyboard */; };
		1CBC5D151EB999D1006F6C79 /* Assets.xcassets in Resources */ = {isa = PBXBuildFile; fileRef = 1CBC5D141EB999D1006F6C79 /* Assets.xcassets */; };
		1CBC5D181EB999D1006F6C79 /* LaunchScreen.storyboard in Resources */ = {isa = PBXBuildFile; fileRef = 1CBC5D161EB999D1006F6C79 /* LaunchScreen.storyboard */; };
		1CBC5D231EB999D1006F6C79 /* _Tests.m in Sources */ = {isa = PBXBuildFile; fileRef = 1CBC5D221EB999D1006F6C79 /* _Tests.m */; };
		1CBC5D2E1EB999D1006F6C79 /* _UITests.m in Sources */ = {isa = PBXBuildFile; fileRef = 1CBC5D2D1EB999D1006F6C79 /* _UITests.m */; };
/* End PBXBuildFile section */

/* Begin PBXContainerItemProxy section */
		1CBC5D1F1EB999D1006F6C79 /* PBXContainerItemProxy */ = {
			isa = PBXContainerItemProxy;
			containerPortal = 1CBC5CFD1EB999D0006F6C79 /* Project object */;
			proxyType = 1;
			remoteGlobalIDString = 1CBC5D041EB999D1006F6C79;
			remoteInfo = "测";
		};
		1CBC5D2A1EB999D1006F6C79 /* PBXContainerItemProxy */ = {
			isa = PBXContainerItemProxy;
			containerPortal = 1CBC5CFD1EB999D0006F6C79 /* Project object */;
			proxyType = 1;
			remoteGlobalIDString = 1CBC5D041EB999D1006F6C79;
			remoteInfo = "测";
		};
/* End PBXContainerItemProxy section */

/* Begin PBXFileReference section */
		1CBC5D051EB999D1006F6C79 /* 测.app */ = {isa = PBXFileReference; explicitFileType = wrapper.application; includeInIndex = 0; path = "测.app"; sourceTree = BUILT_PRODUCTS_DIR; };
		1CBC5D091EB999D1006F6C79 /* main.m */ = {isa = PBXFileReference; lastKnownFileType = sourcecode.c.objc; path = main.m; sourceTree = "<group>"; };
		1CBC5D0B1EB999D1006F6C79 /* AppDelegate.h */ = {isa = PBXFileReference; lastKnownFileType = sourcecode.c.h; path = AppDelegate.h; sourceTree = "<group>"; };
		1CBC5D0C1EB999D1006F6C79 /* AppDelegate.m */ = {isa = PBXFileReference; lastKnownFileType = sourcecode.c.objc; path = AppDelegate.m; sourceTree = "<group>"; };
		1CBC5D0E1EB999D1006F6C79 /* ViewController.h */ = {isa = PBXFileReference; lastKnownFileType = sourcecode.c.h; path = ViewController.h; sourceTree = "<group>"; };
		1CBC5D0F1EB999D1006F6C79 /* ViewController.m */ = {isa = PBXFileReference; lastKnownFileType = sourcecode.c.objc; path = ViewController.m; sourceTree = "<group>"; };
		1CBC5D121EB999D1006F6C79 /* Base */ = {isa = PBXFileReference; lastKnownFileType = file.storyboard; name = Base; path = Base.lproj/Main.storyboard; sourceTree = "<group>"; };
		1CBC5D141EB999D1006F6C79 /* Assets.xcassets */ = {isa = PBXFileReference; lastKnownFileType = folder.assetcatalog; path = Assets.xcassets; sourceTree = "<group>"; };
		1CBC5D171EB999D1006F6C79 /* Base */ = {isa = PBXFileReference; lastKnownFileType = file.storyboard; name = Base; path = Base.lproj/LaunchScreen.storyboard; sourceTree = "<group>"; };
		1CBC5D191EB999D1006F6C79 /* Info.plist */ = {isa = PBXFileReference; lastKnownFileType = text.plist.xml; path = Info.plist; sourceTree = "<group>"; };
		1CBC5D1E1EB999D1006F6C79 /* 测Tests.xctest */ = {isa = PBXFileReference; explicitFileType = wrapper.cfbundle; includeInIndex = 0; path = "测Tests.xctest"; sourceTree = BUILT_PRODUCTS_DIR; };
		1CBC5D221EB999D1006F6C79 /* _Tests.m */ = {isa = PBXFileReference; lastKnownFileType = sourcecode.c.objc; path = _Tests.m; sourceTree = "<group>"; };
		1CBC5D241EB999D1006F6C79 /* Info.plist */ = {isa = PBXFileReference; lastKnownFileType = text.plist.xml; path = Info.plist; sourceTree = "<group>"; };
		1CBC5D291EB999D1006F6C79 /* 测UITests.xctest */ = {isa = PBXFileReference; explicitFileType = wrapper.cfbundle; includeInIndex = 0; path = "测UITests.xctest"; sourceTree = BUILT_PRODUCTS_DIR; };
		1CBC5D2D1EB999D1006F6C79 /* _UITests.m */ = {isa = PBXFileReference; lastKnownFileType = sourcecode.c.objc; path = _UITests.m; sourceTree = "<group>"; };
		1CBC5D2F1EB999D1006F6C79 /* Info.plist */ = {isa = PBXFileReference; lastKnownFileType = text.plist.xml; path = Info.plist; sourceTree = "<group>"; };
/* End PBXFileReference section */

/* Begin PBXFrameworksBuildPhase section */
		1CBC5D021EB999D1006F6C79 /* Frameworks */ = {
			isa = PBXFrameworksBuildPhase;
			buildActionMask = 2147483647;
			files = (
			);
			runOnlyForDeploymentPostprocessing = 0;
		};
		1CBC5D1B1EB999D1006F6C79 /* Frameworks */ = {
			isa = PBXFrameworksBuildPhase;
			buildActionMask = 2147483647;
			files = (
			);
			runOnlyForDeploymentPostprocessing = 0;
		};
		1CBC5D261EB999D1006F6C79 /* Frameworks */ = {
			isa = PBXFrameworksBuildPhase;
			buildActionMask = 2147483647;
			files = (
			);
			runOnlyForDeploymentPostprocessing = 0;
		};
/* End PBXFrameworksBuildPhase section */

/* Begin PBXGroup section */
		1CBC5CFC1EB999D0006F6C79 = {
			isa = PBXGroup;
			children = (
				1CBC5D071EB999D1006F6C79 /* 测 */,
				1CBC5D211EB999D1006F6C79 /* 测Tests */,
				1CBC5D2C1EB999D1006F6C79 /* 测UITests */,
				1CBC5D061EB999D1006F6C79 /* Products */,
			);
			sourceTree = "<group>";
		};
		1CBC5D061EB999D1006F6C79 /* Products */ = {
			isa = PBXGroup;
			children = (
				1CBC5D051EB999D1006F6C79 /* 测.app */,
				1CBC5D1E1EB999D1006F6C79 /* 测Tests.xctest */,
				1CBC5D291EB999D1006F6C79 /* 测UITests.xctest */,
			);
			name = Products;
			sourceTree = "<group>";
		};
		1CBC5D071EB999D1006F6C79 /* 测 */ = {
			isa = PBXGroup;
			children = (
				1CBC5D0B1EB999D1006F6C79 /* AppDelegate.h */,
				1CBC5D0C1EB999D1006F6C79 /* AppDelegate.m */,
				1CBC5D0E1EB999D1006F6C79 /* ViewController.h */,
				1CBC5D0F1EB999D1006F6C79 /* ViewController.m */,
				1CBC5D111EB999D1006F6C79 /* Main.storyboard */,
				1CBC5D141EB999D1006F6C79 /* Assets.xcassets */,
				1CBC5D161EB999D1006F6C79 /* LaunchScreen.storyboard */,
				1CBC5D191EB999D1006F6C79 /* Info.plist */,
				1CBC5D081EB999D1006F6C79 /* Supporting Files */,
			);
			path = "测";
			sourceTree = "<group>";
		};
		1CBC5D081EB999D1006F6C79 /* Supporting Files */ = {
			isa = PBXGroup;
			children = (
				1CBC5D091EB999D1006F6C79 /* main.m */,
			);
			name = "Supporting Files";
			sourceTree = "<group>";
		};
		1CBC5D211EB999D1006F6C79 /* 测Tests */ = {
			isa = PBXGroup;
			children = (
				1CBC5D221EB999D1006F6C79 /* _Tests.m */,
				1CBC5D241EB999D1006F6C79 /* Info.plist */,
			);
			path = "测Tests";
			sourceTree = "<group>";
		};
		1CBC5D2C1EB999D1006F6C79 /* 测UITests */ = {
			isa = PBXGroup;
			children = (
				1CBC5D2D1EB999D1006F6C79 /* _UITests.m */,
				1CBC5D2F1EB999D1006F6C79 /* Info.plist */,
			);
			path = "测UITests";
			sourceTree = "<group>";
		};
/* End PBXGroup section */

/* Begin PBXNativeTarget section */
		1CBC5D041EB999D1006F6C79 /* 测 */ = {
			isa = PBXNativeTarget;
			buildConfigurationList = 1CBC5D321EB999D1006F6C79 /* Build configuration list for PBXNativeTarget "测" */;
			buildPhases = (
				1CBC5D011EB999D1006F6C79 /* Sources */,
				1CBC5D021EB999D1006F6C79 /* Frameworks */,
				1CBC5D031EB999D1006F6C79 /* Resources */,
			);
			buildRules = (
			);
			dependencies = (
			);
			name = "测";
			productName = "测";
			productReference = 1CBC5D051EB999D1006F6C79 /* 测.app */;
			productType = "com.apple.product-type.application";
		};
		1CBC5D1D1EB999D1006F6C79 /* 测Tests */ = {
			isa = PBXNativeTarget;
			buildConfigurationList = 1CBC5D351EB999D1006F6C79 /* Build configuration list for PBXNativeTarget "测Tests" */;
			buildPhases = (
				1CBC5D1A1EB999D1006F6C79 /* Sources */,
				1CBC5D1B1EB999D1006F6C79 /* Frameworks */,
				1CBC5D1C1EB999D1006F6C79 /* Resources */,
			);
			buildRules = (
			);
			dependencies = (
				1CBC5D201EB999D1006F6C79 /* PBXTargetDependency */,
			);
			name = "测Tests";
			productName = "测Tests";
			productReference = 1CBC5D1E1EB999D1006F6C79 /* 测Tests.xctest */;
			productType = "com.apple.product-type.bundle.unit-test";
		};
		1CBC5D281EB999D1006F6C79 /* 测UITests */ = {
			isa = PBXNativeTarget;
			buildConfigurationList = 1CBC5D381EB999D1006F6C79 /* Build configuration list for PBXNativeTarget "测UITests" */;
			buildPhases = (
				1CBC5D251EB999D1006F6C79 /* Sources */,
				1CBC5D261EB999D1006F6C79 /* Frameworks */,
				1CBC5D271EB999D1006F6C79 /* Resources */,
			);
			buildRules = (
			);
			dependencies = (
				1CBC5D2B1EB999D1006F6C79 /* PBXTargetDependency */,
			);
			name = "测UITests";
			productName = "测UITests";
			productReference = 1CBC5D291EB999D1006F6C79 /* 测UITests.xctest */;
			productType = "com.apple.product-type.bundle.ui-testing";
		};
/* End PBXNativeTarget section */

/* Begin PBXProject section */
		1CBC5CFD1EB999D0006F6C79 /* Project object */ = {
			isa = PBXProject;
			attributes = {
				LastUpgradeCheck = 0830;
				ORGANIZATIONNAME = jinshan;
				TargetAttributes = {
					1CBC5D041EB999D1006F6C79 = {
						CreatedOnToolsVersion = 8.3;
						ProvisioningStyle = Automatic;
					};
					1CBC5D1D1EB999D1006F6C79 = {
						CreatedOnToolsVersion = 8.3;
						ProvisioningStyle = Automatic;
						TestTargetID = 1CBC5D041EB999D1006F6C79;
					};
					1CBC5D281EB999D1006F6C79 = {
						CreatedOnToolsVersion = 8.3;
						ProvisioningStyle = Automatic;
						TestTargetID = 1CBC5D041EB999D1006F6C79;
					};
				};
			};
			buildConfigurationList = 1CBC5D001EB999D0006F6C79 /* Build configuration list for PBXProject "测" */;
			compatibilityVersion = "Xcode 3.2";
			developmentRegion = English;
			hasScannedForEncodings = 0;
			knownRegions = (
				en,
				Base,
			);
			mainGroup = 1CBC5CFC1EB999D0006F6C79;
			productRefGroup = 1CBC5D061EB999D1006F6C79 /* Products */;
			projectDirPath = "";
			projectRoot = "";
			targets = (
				1CBC5D041EB999D1006F6C79 /* 测 */,
				1CBC5D1D1EB999D1006F6C79 /* 测Tests */,
				1CBC5D281EB999D1006F6C79 /* 测UITests */,
			);
		};
/* End PBXProject section */

/* Begin PBXResourcesBuildPhase section */
		1CBC5D031EB999D1006F6C79 /* Resources */ = {
			isa = PBXResourcesBuildPhase;
			buildActionMask = 2147483647;
			files = (
				1CBC5D181EB999D1006F6C79 /* LaunchScreen.storyboard in Resources */,
				1CBC5D151EB999D1006F6C79 /* Assets.xcassets in Resources */,
				1CBC5D131EB999D1006F6C79 /* Main.storyboard in Resources */,
			);
			runOnlyForDeploymentPostprocessing = 0;
		};
		1CBC5D1C1EB999D1006F6C79 /* Resources */ = {
			isa = PBXResourcesBuildPhase;
			buildActionMask = 2147483647;
			files = (
			);
			runOnlyForDeploymentPostprocessing = 0;
		};
		1CBC5D271EB999D1006F6C79 /* Resources */ = {
			isa = PBXResourcesBuildPhase;
			buildActionMask = 2147483647;
			files = (
			);
			runOnlyForDeploymentPostprocessing = 0;
		};
/* End PBXResourcesBuildPhase section */

/* Begin PBXSourcesBuildPhase section */
		1CBC5D011EB999D1006F6C79 /* Sources */ = {
			isa = PBXSourcesBuildPhase;
			buildActionMask = 2147483647;
			files = (
				1CBC5D101EB999D1006F6C79 /* ViewController.m in Sources */,
				1CBC5D0D1EB999D1006F6C79 /* AppDelegate.m in Sources */,
				1CBC5D0A1EB999D1006F6C79 /* main.m in Sources */,
			);
			runOnlyForDeploymentPostprocessing = 0;
		};
		1CBC5D1A1EB999D1006F6C79 /* Sources */ = {
			isa = PBXSourcesBuildPhase;
			buildActionMask = 2147483647;
			files = (
				1CBC5D231EB999D1006F6C79 /* _Tests.m in Sources */,
			);
			runOnlyForDeploymentPostprocessing = 0;
		};
		1CBC5D251EB999D1006F6C79 /* Sources */ = {
			isa = PBXSourcesBuildPhase;
			buildActionMask = 2147483647;
			files = (
				1CBC5D2E1EB999D1006F6C79 /* _UITests.m in Sources */,
			);
			runOnlyForDeploymentPostprocessing = 0;
		};
/* End PBXSourcesBuildPhase section */

/* Begin PBXTargetDependency section */
		1CBC5D201EB999D1006F6C79 /* PBXTargetDependency */ = {
			isa = PBXTargetDependency;
			target = 1CBC5D041EB999D1006F6C79 /* 测 */;
			targetProxy = 1CBC5D1F1EB999D1006F6C79 /* PBXContainerItemProxy */;
		};
		1CBC5D2B1EB999D1006F6C79 /* PBXTargetDependency */ = {
			isa = PBXTargetDependency;
			target = 1CBC5D041EB999D1006F6C79 /* 测 */;
			targetProxy = 1CBC5D2A1EB999D1006F6C79 /* PBXContainerItemProxy */;
		};
/* End PBXTargetDependency section */

/* Begin PBXVariantGroup section */
		1CBC5D111EB999D1006F6C79 /* Main.storyboard */ = {
			isa = PBXVariantGroup;
			children = (
				1CBC5D121EB999D1006F6C79 /* Base */,
			);
			name = Main.storyboard;
			sourceTree = "<group>";
		};
		1CBC5D161EB999D1006F6C79 /* LaunchScreen.storyboard */ = {
			isa = PBXVariantGroup;
			children = (
				1CBC5D171EB999D1006F6C79 /* Base */,
			);
			name = LaunchScreen.storyboard;
			sourceTree = "<group>";
		};
/* End PBXVariantGroup section */

/* Begin XCBuildConfiguration section */
		1CBC5D301EB999D1006F6C79 /* Debug */ = {
			isa = XCBuildConfiguration;
			buildSettings = {
				ALWAYS_SEARCH_USER_PATHS = NO;
				CLANG_ANALYZER_NONNULL = YES;
				CLANG_ANALYZER_NUMBER_OBJECT_CONVERSION = YES_AGGRESSIVE;
				CLANG_CXX_LANGUAGE_STANDARD = "gnu++0x";
				CLANG_CXX_LIBRARY = "libc++";
				CLANG_ENABLE_MODULES = YES;
				CLANG_ENABLE_OBJC_ARC = YES;
				CLANG_WARN_BOOL_CONVERSION = YES;
				CLANG_WARN_CONSTANT_CONVERSION = YES;
				CLANG_WARN_DIRECT_OBJC_ISA_USAGE = YES_ERROR;
				CLANG_WARN_DOCUMENTATION_COMMENTS = YES;
				CLANG_WARN_EMPTY_BODY = YES;
				CLANG_WARN_ENUM_CONVERSION = YES;
				CLANG_WARN_INFINITE_RECURSION = YES;
				CLANG_WARN_INT_CONVERSION = YES;
				CLANG_WARN_OBJC_ROOT_CLASS = YES_ERROR;
				CLANG_WARN_SUSPICIOUS_MOVE = YES;
				CLANG_WARN_UNREACHABLE_CODE = YES;
				CLANG_WARN__DUPLICATE_METHOD_MATCH = YES;
				"CODE_SIGN_IDENTITY[sdk=iphoneos*]" = "iPhone Developer";
				COPY_PHASE_STRIP = NO;
				DEBUG_INFORMATION_FORMAT = dwarf;
				ENABLE_STRICT_OBJC_MSGSEND = YES;
				ENABLE_TESTABILITY = YES;
				GCC_C_LANGUAGE_STANDARD = gnu99;
				GCC_DYNAMIC_NO_PIC = NO;
				GCC_NO_COMMON_BLOCKS = YES;
				GCC_OPTIMIZATION_LEVEL = 0;
				GCC_PREPROCESSOR_DEFINITIONS = (
					"DEBUG=1",
					"$(inherited)",
				);
				GCC_WARN_64_TO_32_BIT_CONVERSION = YES;
				GCC_WARN_ABOUT_RETURN_TYPE = YES_ERROR;
				GCC_WARN_UNDECLARED_SELECTOR = YES;
				GCC_WARN_UNINITIALIZED_AUTOS = YES_AGGRESSIVE;
				GCC_WARN_UNUSED_FUNCTION = YES;
				GCC_WARN_UNUSED_VARIABLE = YES;
				IPHONEOS_DEPLOYMENT_TARGET = 10.3;
				MTL_ENABLE_DEBUG_INFO = YES;
				ONLY_ACTIVE_ARCH = YES;
				SDKROOT = iphoneos;
				TARGETED_DEVICE_FAMILY = "1,2";
			};
			name = Debug;
		};
		1CBC5D311EB999D1006F6C79 /* Release */ = {
			isa = XCBuildConfiguration;
			buildSettings = {
				ALWAYS_SEARCH_USER_PATHS = NO;
				CLANG_ANALYZER_NONNULL = YES;
				CLANG_ANALYZER_NUMBER_OBJECT_CONVERSION = YES_AGGRESSIVE;
				CLANG_CXX_LANGUAGE_STANDARD = "gnu++0x";
				CLANG_CXX_LIBRARY = "libc++";
				CLANG_ENABLE_MODULES = YES;
				CLANG_ENABLE_OBJC_ARC = YES;
				CLANG_WARN_BOOL_CONVERSION = YES;
				CLANG_WARN_CONSTANT_CONVERSION = YES;
				CLANG_WARN_DIRECT_OBJC_ISA_USAGE = YES_ERROR;
				CLANG_WARN_DOCUMENTATION_COMMENTS = YES;
				CLANG_WARN_EMPTY_BODY = YES;
				CLANG_WARN_ENUM_CONVERSION = YES;
				CLANG_WARN_INFINITE_RECURSION = YES;
				CLANG_WARN_INT_CONVERSION = YES;
				CLANG_WARN_OBJC_ROOT_CLASS = YES_ERROR;
				CLANG_WARN_SUSPICIOUS_MOVE = YES;
				CLANG_WARN_UNREACHABLE_CODE = YES;
				CLANG_WARN__DUPLICATE_METHOD_MATCH = YES;
				"CODE_SIGN_IDENTITY[sdk=iphoneos*]" = "iPhone Developer";
				COPY_PHASE_STRIP = NO;
				DEBUG_INFORMATION_FORMAT = "dwarf-with-dsym";
				ENABLE_NS_ASSERTIONS = NO;
				ENABLE_STRICT_OBJC_MSGSEND = YES;
				GCC_C_LANGUAGE_STANDARD = gnu99;
				GCC_NO_COMMON_BLOCKS = YES;
				GCC_WARN_64_TO_32_BIT_CONVERSION = YES;
				GCC_WARN_ABOUT_RETURN_TYPE = YES_ERROR;
				GCC_WARN_UNDECLARED_SELECTOR = YES;
				GCC_WARN_UNINITIALIZED_AUTOS = YES_AGGRESSIVE;
				GCC_WARN_UNUSED_FUNCTION = YES;
				GCC_WARN_UNUSED_VARIABLE = YES;
				IPHONEOS_DEPLOYMENT_TARGET = 10.3;
				MTL_ENABLE_DEBUG_INFO = NO;
				SDKROOT = iphoneos;
				TARGETED_DEVICE_FAMILY = "1,2";
				VALIDATE_PRODUCT = YES;
			};
			name = Release;
		};
		1CBC5D331EB999D1006F6C79 /* Debug */ = {
			isa = XCBuildConfiguration;
			buildSettings = {
				ASSETCATALOG_COMPILER_APPICON_NAME = AppIcon;
				INFOPLIST_FILE = "测/Info.plist";
				LD_RUNPATH_SEARCH_PATHS = "$(inherited) @executable_path/Frameworks";
				PRODUCT_BUNDLE_IDENTIFIER = "ijs.shenzoom.com.-";
				PRODUCT_NAME = "$(TARGET_NAME)";
			};
			name = Debug;
		};
		1CBC5D341EB999D1006F6C79 /* Release */ = {
			isa = XCBuildConfiguration;
			buildSettings = {
				ASSETCATALOG_COMPILER_APPICON_NAME = AppIcon;
				INFOPLIST_FILE = "测/Info.plist";
				LD_RUNPATH_SEARCH_PATHS = "$(inherited) @executable_path/Frameworks";
				PRODUCT_BUNDLE_IDENTIFIER = "ijs.shenzoom.com.-";
				PRODUCT_NAME = "$(TARGET_NAME)";
			};
			name = Release;
		};
		1CBC5D361EB999D1006F6C79 /* Debug */ = {
			isa = XCBuildConfiguration;
			buildSettings = {
				BUNDLE_LOADER = "$(TEST_HOST)";
				INFOPLIST_FILE = "测Tests/Info.plist";
				LD_RUNPATH_SEARCH_PATHS = "$(inherited) @executable_path/Frameworks @loader_path/Frameworks";
				PRODUCT_BUNDLE_IDENTIFIER = "ijs.shenzoom.com.-Tests";
				PRODUCT_NAME = "$(TARGET_NAME)";
				TEST_HOST = "$(BUILT_PRODUCTS_DIR)/测.app/测";
			};
			name = Debug;
		};
		1CBC5D371EB999D1006F6C79 /* Release */ = {
			isa = XCBuildConfiguration;
			buildSettings = {
				BUNDLE_LOADER = "$(TEST_HOST)";
				INFOPLIST_FILE = "测Tests/Info.plist";
				LD_RUNPATH_SEARCH_PATHS = "$(inherited) @executable_path/Frameworks @loader_path/Frameworks";
				PRODUCT_BUNDLE_IDENTIFIER = "ijs.shenzoom.com.-Tests";
				PRODUCT_NAME = "$(TARGET_NAME)";
				TEST_HOST = "$(BUILT_PRODUCTS_DIR)/测.app/测";
			};
			name = Release;
		};
		1CBC5D391EB999D1006F6C79 /* Debug */ = {
			isa = XCBuildConfiguration;
			buildSettings = {
				INFOPLIST_FILE = "测UITests/Info.plist";
				LD_RUNPATH_SEARCH_PATHS = "$(inherited) @executable_path/Frameworks @loader_path/Frameworks";
				PRODUCT_BUNDLE_IDENTIFIER = "ijs.shenzoom.com.-UITests";
				PRODUCT_NAME = "$(TARGET_NAME)";
				TEST_TARGET_NAME = "测";
			};
			name = Debug;
		};
		1CBC5D3A1EB999D1006F6C79 /* Release */ = {
			isa = XCBuildConfiguration;
			buildSettings = {
				INFOPLIST_FILE = "测UITests/Info.plist";
				LD_RUNPATH_SEARCH_PATHS = "$(inherited) @executable_path/Frameworks @loader_path/Frameworks";
				PRODUCT_BUNDLE_IDENTIFIER = "ijs.shenzoom.com.-UITests";
				PRODUCT_NAME = "$(TARGET_NAME)";
				TEST_TARGET_NAME = "测";
			};
			name = Release;
		};
/* End XCBuildConfiguration section */

/* Begin XCConfigurationList section */
		1CBC5D001EB999D0006F6C79 /* Build configuration list for PBXProject "测" */ = {
			isa = XCConfigurationList;
			buildConfigurations = (
				1CBC5D301EB999D1006F6C79 /* Debug */,
				1CBC5D311EB999D1006F6C79 /* Release */,
			);
			defaultConfigurationIsVisible = 0;
			defaultConfigurationName = Release;
		};
		1CBC5D321EB999D1006F6C79 /* Build configuration list for PBXNativeTarget "测" */ = {
			isa = XCConfigurationList;
			buildConfigurations = (
				1CBC5D331EB999D1006F6C79 /* Debug */,
				1CBC5D341EB999D1006F6C79 /* Release */,
			);
			defaultConfigurationIsVisible = 0;
		};
		1CBC5D351EB999D1006F6C79 /* Build configuration list for PBXNativeTarget "测Tests" */ = {
			isa = XCConfigurationList;
			buildConfigurations = (
				1CBC5D361EB999D1006F6C79 /* Debug */,
				1CBC5D371EB999D1006F6C79 /* Release */,
			);
			defaultConfigurationIsVisible = 0;
		};
		1CBC5D381EB999D1006F6C79 /* Build configuration list for PBXNativeTarget "测UITests" */ = {
			isa = XCConfigurationList;
			buildConfigurations = (
				1CBC5D391EB999D1006F6C79 /* Debug */,
				1CBC5D3A1EB999D1006F6C79 /* Release */,
			);
			defaultConfigurationIsVisible = 0;
		};
/* End XCConfigurationList section */
	};
	rootObject = 1CBC5CFD1EB999D0006F6C79 /* Project object */;
}
